{
  "name": "parameter-arity-variance-is-not-correct",
  "version": "1.0.0",
  "lockfileVersion": 3,
  "requires": true,
  "packages": {
    "": {
      "name": "parameter-arity-variance-is-not-correct",
      "version": "1.0.0",
      "license": "ISC",
      "devDependencies": {
        "@topce/native-preview": "^7.0.0-dev.20250531.1"
      }
    },
    "node_modules/@topce/native-preview": {
      "version": "7.0.0-dev.20250531.1",
      "resolved": "https://registry.npmjs.org/@topce/native-preview/-/native-preview-7.0.0-dev.20250531.1.tgz",
      "integrity": "sha512-kfdcd1rr6Js8mhuKwKWuRQs83JY5CcKTB4jyFUY5B1BvJEtvIWi+lxbBlDW7AAfc3FqrWgiaXU3lHTU/cfMp3w==",
      "dev": true,
      "license": "Apache-2.0",
      "bin": {
        "tsgo": "bin/tsgo.js"
      },
      "engines": {
        "node": ">=20.6.0"
      },
      "optionalDependencies": {
        "@topce/native-preview-win32-x64": "7.0.0-dev.20250531.1"
      }
    },
    "node_modules/@topce/native-preview-win32-x64": {
      "version": "7.0.0-dev.20250531.1",
      "resolved": "https://registry.npmjs.org/@topce/native-preview-win32-x64/-/native-preview-win32-x64-7.0.0-dev.20250531.1.tgz",
      "integrity": "sha512-Zf4TSk3+ojjM23Z3S7zBlyWv9KreZgavNZaV39wdm5ZYS5/h+1A26K52wEJrEV1sJK0oLr5HnQmt4/J8wa3Smg==",
      "cpu": [
        "x64"
      ],
      "dev": true,
      "license": "Apache-2.0",
      "optional": true,
      "os": [
        "win32"
      ],
      "engines": {
        "node": ">=20.6.0"
      }
    }
  }
}
