{
  "name": "parameter-arity-variance-is-not-correct",
  "version": "1.0.0",
  "lockfileVersion": 3,
  "requires": true,
  "packages": {
    "": {
      "name": "parameter-arity-variance-is-not-correct",
      "version": "1.0.0",
      "license": "ISC",
      "devDependencies": {
        "@topce/native-preview": "^7.0.0-dev.20250824",
        "typescript": "^5.9.2"
      }
    },
    "node_modules/@topce/native-preview": {
      "version": "7.0.0-dev.20250824",
      "resolved": "https://registry.npmjs.org/@topce/native-preview/-/native-preview-7.0.0-dev.20250824.tgz",
      "integrity": "sha512-4xv0u08xxzzmaabqh6fUozG7svxH6b8J4vrneWCrU/BMWgMVLA4Ek903Fmekzs3hjb31apEFekmJ1RpzbDsm2A==",
      "dev": true,
      "license": "Apache-2.0",
      "bin": {
        "tsgo": "bin/tsgo.js"
      },
      "engines": {
        "node": ">=20.6.0"
      },
      "optionalDependencies": {
        "@topce/native-preview-win32-x64": "7.0.0-dev.20250824"
      }
    },
    "node_modules/@topce/native-preview-win32-x64": {
      "version": "7.0.0-dev.20250824",
      "resolved": "https://registry.npmjs.org/@topce/native-preview-win32-x64/-/native-preview-win32-x64-7.0.0-dev.20250824.tgz",
      "integrity": "sha512-TaBMqtnpFH4sdfB49njSaTh1VOlMivBbZ8BDfvofSUyRps21IOGoS1NzAXvhOGL+9G5LupUKhFctzQWi014VRg==",
      "cpu": [
        "x64"
      ],
      "dev": true,
      "license": "Apache-2.0",
      "optional": true,
      "os": [
        "win32"
      ],
      "engines": {
        "node": ">=20.6.0"
      }
    },
    "node_modules/typescript": {
      "version": "5.9.2",
      "resolved": "https://registry.npmjs.org/typescript/-/typescript-5.9.2.tgz",
      "integrity": "sha512-CWBzXQrc/qOkhidw1OzBTQuYRbfyxDXJMVJ1XNwUHGROVmuaeiEm3OslpZ1RV96d7SKKjZKrSJu3+t/xlw3R9A==",
      "dev": true,
      "license": "Apache-2.0",
      "bin": {
        "tsc": "bin/tsc",
        "tsserver": "bin/tsserver"
      },
      "engines": {
        "node": ">=14.17"
      }
    }
  }
}
