{
  "name": "parameter-arity-variance-is-not-correct",
  "version": "1.0.0",
  "lockfileVersion": 3,
  "requires": true,
  "packages": {
    "": {
      "name": "parameter-arity-variance-is-not-correct",
      "version": "1.0.0",
      "license": "MIT",
      "dependencies": {
        "@topce/typescript": "24.12.22"
      }
    },
    "node_modules/@topce/typescript": {
      "version": "24.12.22",
      "resolved": "https://registry.npmjs.org/@topce/typescript/-/typescript-24.12.22.tgz",
      "integrity": "sha512-5vU3qHReNF3KogUA6GxaM2e9LHv2VAMn5Tw2el/pJIceYAN3nHY2iaZeg3VfVbg+NHy/zHupsxJDV3LPPVhYfw==",
      "license": "Apache-2.0",
      "bin": {
        "tsc": "bin/tsc",
        "tsserver": "bin/tsserver"
      },
      "engines": {
        "node": ">=14.17"
      }
    }
  }
}
